// !$*UTF8*$!
{
	archiveVersion = 1;
	classes = {
	};
	objectVersion = 46;
	objects = {

/* Begin PBXBuildFile section */
		58FD02F719EF4B5A0062A837 /* main.m in Sources */ = {isa = PBXBuildFile; fileRef = 58FD02F619EF4B5A0062A837 /* main.m */; };
		58FD02FA19EF4B5A0062A837 /* AppDelegate.m in Sources */ = {isa = PBXBuildFile; fileRef = 58FD02F919EF4B5A0062A837 /* AppDelegate.m */; };
		58FD030219EF4B5A0062A837 /* Images.xcassets in Resources */ = {isa = PBXBuildFile; fileRef = 58FD030119EF4B5A0062A837 /* Images.xcassets */; };
		58FD031119EF4B5A0062A837 /* MealPlanTests.m in Sources */ = {isa = PBXBuildFile; fileRef = 58FD031019EF4B5A0062A837 /* MealPlanTests.m */; };
		97274A3C1A0341D900797D60 /* MPPHomeTabViewController.m in Sources */ = {isa = PBXBuildFile; fileRef = 97274A3B1A0341D900797D60 /* MPPHomeTabViewController.m */; };
		97274A401A0344ED00797D60 /* MPPGlobals.m in Sources */ = {isa = PBXBuildFile; fileRef = 97274A3F1A0344ED00797D60 /* MPPGlobals.m */; };
		97A23CCF1A032F9B0074908C /* TwitterKit.framework in Frameworks */ = {isa = PBXBuildFile; fileRef = 97A23CCC1A032F9B0074908C /* TwitterKit.framework */; };
		97A23CD01A032F9C0074908C /* TwitterKitResources.bundle in Resources */ = {isa = PBXBuildFile; fileRef = 97A23CCD1A032F9B0074908C /* TwitterKitResources.bundle */; };
		97A23CD11A032F9C0074908C /* Fabric.framework in Frameworks */ = {isa = PBXBuildFile; fileRef = 97A23CCE1A032F9B0074908C /* Fabric.framework */; };
		97A23CD71A0336D80074908C /* MPPPickUpInfoViewController.m in Sources */ = {isa = PBXBuildFile; fileRef = 97A23CD61A0336D80074908C /* MPPPickUpInfoViewController.m */; };
		97A23CDA1A0336F60074908C /* MPPQRScanViewController.m in Sources */ = {isa = PBXBuildFile; fileRef = 97A23CD91A0336F60074908C /* MPPQRScanViewController.m */; };
		97A23CDD1A03372E0074908C /* MPPCheckListViewController.m in Sources */ = {isa = PBXBuildFile; fileRef = 97A23CDC1A03372E0074908C /* MPPCheckListViewController.m */; };
		97DA0AB019F1824E0035F095 /* MPPLoginViewController.m in Sources */ = {isa = PBXBuildFile; fileRef = 97DA0AAF19F1824E0035F095 /* MPPLoginViewController.m */; };
		97DA0ABC19F1859D0035F095 /* ALView+PureLayout.m in Sources */ = {isa = PBXBuildFile; fileRef = 97DA0AB419F1859D0035F095 /* ALView+PureLayout.m */; };
		97DA0ABD19F1859D0035F095 /* NSArray+PureLayout.m in Sources */ = {isa = PBXBuildFile; fileRef = 97DA0AB619F1859D0035F095 /* NSArray+PureLayout.m */; };
		97DA0ABE19F1859D0035F095 /* NSLayoutConstraint+PureLayout.m in Sources */ = {isa = PBXBuildFile; fileRef = 97DA0AB819F1859D0035F095 /* NSLayoutConstraint+PureLayout.m */; };
		97DA0AC119F191820035F095 /* MPPQRViewController.m in Sources */ = {isa = PBXBuildFile; fileRef = 97DA0AC019F191820035F095 /* MPPQRViewController.m */; };
/* End PBXBuildFile section */

/* Begin PBXContainerItemProxy section */
		58FD030B19EF4B5A0062A837 /* PBXContainerItemProxy */ = {
			isa = PBXContainerItemProxy;
			containerPortal = 58FD02E919EF4B5A0062A837 /* Project object */;
			proxyType = 1;
			remoteGlobalIDString = 58FD02F019EF4B5A0062A837;
			remoteInfo = MealPlan;
		};
/* End PBXContainerItemProxy section */

/* Begin PBXFileReference section */
		58FD02F119EF4B5A0062A837 /* MealPlan.app */ = {isa = PBXFileReference; explicitFileType = wrapper.application; includeInIndex = 0; path = MealPlan.app; sourceTree = BUILT_PRODUCTS_DIR; };
		58FD02F519EF4B5A0062A837 /* Info.plist */ = {isa = PBXFileReference; lastKnownFileType = text.plist.xml; path = Info.plist; sourceTree = "<group>"; };
		58FD02F619EF4B5A0062A837 /* main.m */ = {isa = PBXFileReference; lastKnownFileType = sourcecode.c.objc; path = main.m; sourceTree = "<group>"; };
		58FD02F819EF4B5A0062A837 /* AppDelegate.h */ = {isa = PBXFileReference; lastKnownFileType = sourcecode.c.h; path = AppDelegate.h; sourceTree = "<group>"; };
		58FD02F919EF4B5A0062A837 /* AppDelegate.m */ = {isa = PBXFileReference; lastKnownFileType = sourcecode.c.objc; path = AppDelegate.m; sourceTree = "<group>"; };
		58FD030119EF4B5A0062A837 /* Images.xcassets */ = {isa = PBXFileReference; lastKnownFileType = folder.assetcatalog; path = Images.xcassets; sourceTree = "<group>"; };
		58FD030A19EF4B5A0062A837 /* MealPlanTests.xctest */ = {isa = PBXFileReference; explicitFileType = wrapper.cfbundle; includeInIndex = 0; path = MealPlanTests.xctest; sourceTree = BUILT_PRODUCTS_DIR; };
		58FD030F19EF4B5A0062A837 /* Info.plist */ = {isa = PBXFileReference; lastKnownFileType = text.plist.xml; path = Info.plist; sourceTree = "<group>"; };
		58FD031019EF4B5A0062A837 /* MealPlanTests.m */ = {isa = PBXFileReference; lastKnownFileType = sourcecode.c.objc; path = MealPlanTests.m; sourceTree = "<group>"; };
		97274A3A1A0341D900797D60 /* MPPHomeTabViewController.h */ = {isa = PBXFileReference; fileEncoding = 4; lastKnownFileType = sourcecode.c.h; path = MPPHomeTabViewController.h; sourceTree = "<group>"; };
		97274A3B1A0341D900797D60 /* MPPHomeTabViewController.m */ = {isa = PBXFileReference; fileEncoding = 4; lastKnownFileType = sourcecode.c.objc; path = MPPHomeTabViewController.m; sourceTree = "<group>"; };
		97274A3E1A0344ED00797D60 /* MPPGlobals.h */ = {isa = PBXFileReference; fileEncoding = 4; lastKnownFileType = sourcecode.c.h; name = MPPGlobals.h; path = ../MPPGlobals.h; sourceTree = "<group>"; };
		97274A3F1A0344ED00797D60 /* MPPGlobals.m */ = {isa = PBXFileReference; fileEncoding = 4; lastKnownFileType = sourcecode.c.objc; name = MPPGlobals.m; path = ../MPPGlobals.m; sourceTree = "<group>"; };
		97A23CCC1A032F9B0074908C /* TwitterKit.framework */ = {isa = PBXFileReference; lastKnownFileType = wrapper.framework; path = TwitterKit.framework; sourceTree = "<group>"; };
		97A23CCD1A032F9B0074908C /* TwitterKitResources.bundle */ = {isa = PBXFileReference; lastKnownFileType = "wrapper.plug-in"; name = TwitterKitResources.bundle; path = TwitterKit.framework/Versions/A/Resources/TwitterKitResources.bundle; sourceTree = "<group>"; };
		97A23CCE1A032F9B0074908C /* Fabric.framework */ = {isa = PBXFileReference; lastKnownFileType = wrapper.framework; path = Fabric.framework; sourceTree = "<group>"; };
		97A23CD51A0336D80074908C /* MPPPickUpInfoViewController.h */ = {isa = PBXFileReference; fileEncoding = 4; lastKnownFileType = sourcecode.c.h; path = MPPPickUpInfoViewController.h; sourceTree = "<group>"; };
		97A23CD61A0336D80074908C /* MPPPickUpInfoViewController.m */ = {isa = PBXFileReference; fileEncoding = 4; lastKnownFileType = sourcecode.c.objc; path = MPPPickUpInfoViewController.m; sourceTree = "<group>"; };
		97A23CD81A0336F60074908C /* MPPQRScanViewController.h */ = {isa = PBXFileReference; fileEncoding = 4; lastKnownFileType = sourcecode.c.h; path = MPPQRScanViewController.h; sourceTree = "<group>"; };
		97A23CD91A0336F60074908C /* MPPQRScanViewController.m */ = {isa = PBXFileReference; fileEncoding = 4; lastKnownFileType = sourcecode.c.objc; path = MPPQRScanViewController.m; sourceTree = "<group>"; };
		97A23CDB1A03372E0074908C /* MPPCheckListViewController.h */ = {isa = PBXFileReference; fileEncoding = 4; lastKnownFileType = sourcecode.c.h; path = MPPCheckListViewController.h; sourceTree = "<group>"; };
		97A23CDC1A03372E0074908C /* MPPCheckListViewController.m */ = {isa = PBXFileReference; fileEncoding = 4; lastKnownFileType = sourcecode.c.objc; path = MPPCheckListViewController.m; sourceTree = "<group>"; };
		97DA0AAE19F1824E0035F095 /* MPPLoginViewController.h */ = {isa = PBXFileReference; fileEncoding = 4; lastKnownFileType = sourcecode.c.h; path = MPPLoginViewController.h; sourceTree = "<group>"; };
		97DA0AAF19F1824E0035F095 /* MPPLoginViewController.m */ = {isa = PBXFileReference; fileEncoding = 4; lastKnownFileType = sourcecode.c.objc; path = MPPLoginViewController.m; sourceTree = "<group>"; };
		97DA0AB319F1859D0035F095 /* ALView+PureLayout.h */ = {isa = PBXFileReference; fileEncoding = 4; lastKnownFileType = sourcecode.c.h; path = "ALView+PureLayout.h"; sourceTree = "<group>"; };
		97DA0AB419F1859D0035F095 /* ALView+PureLayout.m */ = {isa = PBXFileReference; fileEncoding = 4; lastKnownFileType = sourcecode.c.objc; path = "ALView+PureLayout.m"; sourceTree = "<group>"; };
		97DA0AB519F1859D0035F095 /* NSArray+PureLayout.h */ = {isa = PBXFileReference; fileEncoding = 4; lastKnownFileType = sourcecode.c.h; path = "NSArray+PureLayout.h"; sourceTree = "<group>"; };
		97DA0AB619F1859D0035F095 /* NSArray+PureLayout.m */ = {isa = PBXFileReference; fileEncoding = 4; lastKnownFileType = sourcecode.c.objc; path = "NSArray+PureLayout.m"; sourceTree = "<group>"; };
		97DA0AB719F1859D0035F095 /* NSLayoutConstraint+PureLayout.h */ = {isa = PBXFileReference; fileEncoding = 4; lastKnownFileType = sourcecode.c.h; path = "NSLayoutConstraint+PureLayout.h"; sourceTree = "<group>"; };
		97DA0AB819F1859D0035F095 /* NSLayoutConstraint+PureLayout.m */ = {isa = PBXFileReference; fileEncoding = 4; lastKnownFileType = sourcecode.c.objc; path = "NSLayoutConstraint+PureLayout.m"; sourceTree = "<group>"; };
		97DA0AB919F1859D0035F095 /* PureLayout+Internal.h */ = {isa = PBXFileReference; fileEncoding = 4; lastKnownFileType = sourcecode.c.h; path = "PureLayout+Internal.h"; sourceTree = "<group>"; };
		97DA0ABA19F1859D0035F095 /* PureLayout.h */ = {isa = PBXFileReference; fileEncoding = 4; lastKnownFileType = sourcecode.c.h; path = PureLayout.h; sourceTree = "<group>"; };
		97DA0ABB19F1859D0035F095 /* PureLayoutDefines.h */ = {isa = PBXFileReference; fileEncoding = 4; lastKnownFileType = sourcecode.c.h; path = PureLayoutDefines.h; sourceTree = "<group>"; };
		97DA0ABF19F191820035F095 /* MPPQRViewController.h */ = {isa = PBXFileReference; fileEncoding = 4; lastKnownFileType = sourcecode.c.h; path = MPPQRViewController.h; sourceTree = "<group>"; };
		97DA0AC019F191820035F095 /* MPPQRViewController.m */ = {isa = PBXFileReference; fileEncoding = 4; lastKnownFileType = sourcecode.c.objc; path = MPPQRViewController.m; sourceTree = "<group>"; };
/* End PBXFileReference section */

/* Begin PBXFrameworksBuildPhase section */
		58FD02EE19EF4B5A0062A837 /* Frameworks */ = {
			isa = PBXFrameworksBuildPhase;
			buildActionMask = 2147483647;
			files = (
				97A23CCF1A032F9B0074908C /* TwitterKit.framework in Frameworks */,
				97A23CD11A032F9C0074908C /* Fabric.framework in Frameworks */,
			);
			runOnlyForDeploymentPostprocessing = 0;
		};
		58FD030719EF4B5A0062A837 /* Frameworks */ = {
			isa = PBXFrameworksBuildPhase;
			buildActionMask = 2147483647;
			files = (
			);
			runOnlyForDeploymentPostprocessing = 0;
		};
/* End PBXFrameworksBuildPhase section */

/* Begin PBXGroup section */
		58FD02E819EF4B5A0062A837 = {
			isa = PBXGroup;
			children = (
				97A23CCC1A032F9B0074908C /* TwitterKit.framework */,
				97A23CCD1A032F9B0074908C /* TwitterKitResources.bundle */,
				97A23CCE1A032F9B0074908C /* Fabric.framework */,
				58FD02F319EF4B5A0062A837 /* MealPlan */,
				58FD030D19EF4B5A0062A837 /* MealPlanTests */,
				58FD02F219EF4B5A0062A837 /* Products */,
			);
			sourceTree = "<group>";
		};
		58FD02F219EF4B5A0062A837 /* Products */ = {
			isa = PBXGroup;
			children = (
				58FD02F119EF4B5A0062A837 /* MealPlan.app */,
				58FD030A19EF4B5A0062A837 /* MealPlanTests.xctest */,
			);
			name = Products;
			sourceTree = "<group>";
		};
		58FD02F319EF4B5A0062A837 /* MealPlan */ = {
			isa = PBXGroup;
			children = (
				97274A3E1A0344ED00797D60 /* MPPGlobals.h */,
				97274A3F1A0344ED00797D60 /* MPPGlobals.m */,
				58FD02F819EF4B5A0062A837 /* AppDelegate.h */,
				58FD02F919EF4B5A0062A837 /* AppDelegate.m */,
				97DA0AAE19F1824E0035F095 /* MPPLoginViewController.h */,
				97DA0AAF19F1824E0035F095 /* MPPLoginViewController.m */,
				97274A3A1A0341D900797D60 /* MPPHomeTabViewController.h */,
				97274A3B1A0341D900797D60 /* MPPHomeTabViewController.m */,
				97A23CD51A0336D80074908C /* MPPPickUpInfoViewController.h */,
				97A23CD61A0336D80074908C /* MPPPickUpInfoViewController.m */,
				97A23CD81A0336F60074908C /* MPPQRScanViewController.h */,
				97A23CD91A0336F60074908C /* MPPQRScanViewController.m */,
				97A23CDB1A03372E0074908C /* MPPCheckListViewController.h */,
				97A23CDC1A03372E0074908C /* MPPCheckListViewController.m */,
				97DA0ABF19F191820035F095 /* MPPQRViewController.h */,
				97DA0AC019F191820035F095 /* MPPQRViewController.m */,
				97DA0AB119F1852F0035F095 /* External Libraries */,
				58FD030119EF4B5A0062A837 /* Images.xcassets */,
				58FD02F419EF4B5A0062A837 /* Supporting Files */,
			);
			path = MealPlan;
			sourceTree = "<group>";
		};
		58FD02F419EF4B5A0062A837 /* Supporting Files */ = {
			isa = PBXGroup;
			children = (
				58FD02F519EF4B5A0062A837 /* Info.plist */,
				58FD02F619EF4B5A0062A837 /* main.m */,
			);
			name = "Supporting Files";
			sourceTree = "<group>";
		};
		58FD030D19EF4B5A0062A837 /* MealPlanTests */ = {
			isa = PBXGroup;
			children = (
				58FD031019EF4B5A0062A837 /* MealPlanTests.m */,
				58FD030E19EF4B5A0062A837 /* Supporting Files */,
			);
			path = MealPlanTests;
			sourceTree = "<group>";
		};
		58FD030E19EF4B5A0062A837 /* Supporting Files */ = {
			isa = PBXGroup;
			children = (
				58FD030F19EF4B5A0062A837 /* Info.plist */,
			);
			name = "Supporting Files";
			sourceTree = "<group>";
		};
		97DA0AB119F1852F0035F095 /* External Libraries */ = {
			isa = PBXGroup;
			children = (
				97DA0AB219F1859D0035F095 /* PureLayout */,
			);
			path = "External Libraries";
			sourceTree = "<group>";
		};
		97DA0AB219F1859D0035F095 /* PureLayout */ = {
			isa = PBXGroup;
			children = (
				97DA0AB319F1859D0035F095 /* ALView+PureLayout.h */,
				97DA0AB419F1859D0035F095 /* ALView+PureLayout.m */,
				97DA0AB519F1859D0035F095 /* NSArray+PureLayout.h */,
				97DA0AB619F1859D0035F095 /* NSArray+PureLayout.m */,
				97DA0AB719F1859D0035F095 /* NSLayoutConstraint+PureLayout.h */,
				97DA0AB819F1859D0035F095 /* NSLayoutConstraint+PureLayout.m */,
				97DA0AB919F1859D0035F095 /* PureLayout+Internal.h */,
				97DA0ABA19F1859D0035F095 /* PureLayout.h */,
				97DA0ABB19F1859D0035F095 /* PureLayoutDefines.h */,
			);
			path = PureLayout;
			sourceTree = "<group>";
		};
/* End PBXGroup section */

/* Begin PBXNativeTarget section */
		58FD02F019EF4B5A0062A837 /* MealPlan */ = {
			isa = PBXNativeTarget;
			buildConfigurationList = 58FD031419EF4B5A0062A837 /* Build configuration list for PBXNativeTarget "MealPlan" */;
			buildPhases = (
				58FD02ED19EF4B5A0062A837 /* Sources */,
				58FD02EE19EF4B5A0062A837 /* Frameworks */,
				58FD02EF19EF4B5A0062A837 /* Resources */,
				97A23CCB1A032F470074908C /* ShellScript */,
			);
			buildRules = (
			);
			dependencies = (
			);
			name = MealPlan;
			productName = MealPlan;
			productReference = 58FD02F119EF4B5A0062A837 /* MealPlan.app */;
			productType = "com.apple.product-type.application";
		};
		58FD030919EF4B5A0062A837 /* MealPlanTests */ = {
			isa = PBXNativeTarget;
			buildConfigurationList = 58FD031719EF4B5A0062A837 /* Build configuration list for PBXNativeTarget "MealPlanTests" */;
			buildPhases = (
				58FD030619EF4B5A0062A837 /* Sources */,
				58FD030719EF4B5A0062A837 /* Frameworks */,
				58FD030819EF4B5A0062A837 /* Resources */,
			);
			buildRules = (
			);
			dependencies = (
				58FD030C19EF4B5A0062A837 /* PBXTargetDependency */,
			);
			name = MealPlanTests;
			productName = MealPlanTests;
			productReference = 58FD030A19EF4B5A0062A837 /* MealPlanTests.xctest */;
			productType = "com.apple.product-type.bundle.unit-test";
		};
/* End PBXNativeTarget section */

/* Begin PBXProject section */
		58FD02E919EF4B5A0062A837 /* Project object */ = {
			isa = PBXProject;
			attributes = {
				LastUpgradeCheck = 0600;
				ORGANIZATIONNAME = X2YZ;
				TargetAttributes = {
					58FD02F019EF4B5A0062A837 = {
						CreatedOnToolsVersion = 6.0.1;
					};
					58FD030919EF4B5A0062A837 = {
						CreatedOnToolsVersion = 6.0.1;
						TestTargetID = 58FD02F019EF4B5A0062A837;
					};
				};
			};
			buildConfigurationList = 58FD02EC19EF4B5A0062A837 /* Build configuration list for PBXProject "MealPlan" */;
			compatibilityVersion = "Xcode 3.2";
			developmentRegion = English;
			hasScannedForEncodings = 0;
			knownRegions = (
				en,
				Base,
			);
			mainGroup = 58FD02E819EF4B5A0062A837;
			productRefGroup = 58FD02F219EF4B5A0062A837 /* Products */;
			projectDirPath = "";
			projectRoot = "";
			targets = (
				58FD02F019EF4B5A0062A837 /* MealPlan */,
				58FD030919EF4B5A0062A837 /* MealPlanTests */,
			);
		};
/* End PBXProject section */

/* Begin PBXResourcesBuildPhase section */
		58FD02EF19EF4B5A0062A837 /* Resources */ = {
			isa = PBXResourcesBuildPhase;
			buildActionMask = 2147483647;
			files = (
				97A23CD01A032F9C0074908C /* TwitterKitResources.bundle in Resources */,
				58FD030219EF4B5A0062A837 /* Images.xcassets in Resources */,
			);
			runOnlyForDeploymentPostprocessing = 0;
		};
		58FD030819EF4B5A0062A837 /* Resources */ = {
			isa = PBXResourcesBuildPhase;
			buildActionMask = 2147483647;
			files = (
			);
			runOnlyForDeploymentPostprocessing = 0;
		};
/* End PBXResourcesBuildPhase section */

/* Begin PBXShellScriptBuildPhase section */
		97A23CCB1A032F470074908C /* ShellScript */ = {
			isa = PBXShellScriptBuildPhase;
			buildActionMask = 2147483647;
			files = (
			);
			inputPaths = (
			);
			outputPaths = (
			);
			runOnlyForDeploymentPostprocessing = 0;
			shellPath = /bin/sh;
			shellScript = "./Fabric.framework/run 43f1e728a1d87aaa9b0678cbdaeddb88f5390ea3 f78d2484ab19a373b2cdcbab05340dab69f11267408d66f675d297b00a726621";
		};
/* End PBXShellScriptBuildPhase section */

/* Begin PBXSourcesBuildPhase section */
		58FD02ED19EF4B5A0062A837 /* Sources */ = {
			isa = PBXSourcesBuildPhase;
			buildActionMask = 2147483647;
			files = (
				97274A3C1A0341D900797D60 /* MPPHomeTabViewController.m in Sources */,
				97DA0AB019F1824E0035F095 /* MPPLoginViewController.m in Sources */,
				58FD02FA19EF4B5A0062A837 /* AppDelegate.m in Sources */,
				58FD02F719EF4B5A0062A837 /* main.m in Sources */,
				97274A401A0344ED00797D60 /* MPPGlobals.m in Sources */,
				97DA0AC119F191820035F095 /* MPPQRViewController.m in Sources */,
				97A23CDD1A03372E0074908C /* MPPCheckListViewController.m in Sources */,
				97A23CD71A0336D80074908C /* MPPPickUpInfoViewController.m in Sources */,
				97DA0ABC19F1859D0035F095 /* ALView+PureLayout.m in Sources */,
				97DA0ABD19F1859D0035F095 /* NSArray+PureLayout.m in Sources */,
				97A23CDA1A0336F60074908C /* MPPQRScanViewController.m in Sources */,
				97DA0ABE19F1859D0035F095 /* NSLayoutConstraint+PureLayout.m in Sources */,
			);
			runOnlyForDeploymentPostprocessing = 0;
		};
		58FD030619EF4B5A0062A837 /* Sources */ = {
			isa = PBXSourcesBuildPhase;
			buildActionMask = 2147483647;
			files = (
				58FD031119EF4B5A0062A837 /* MealPlanTests.m in Sources */,
			);
			runOnlyForDeploymentPostprocessing = 0;
		};
/* End PBXSourcesBuildPhase section */

/* Begin PBXTargetDependency section */
		58FD030C19EF4B5A0062A837 /* PBXTargetDependency */ = {
			isa = PBXTargetDependency;
			target = 58FD02F019EF4B5A0062A837 /* MealPlan */;
			targetProxy = 58FD030B19EF4B5A0062A837 /* PBXContainerItemProxy */;
		};
/* End PBXTargetDependency section */

/* Begin XCBuildConfiguration section */
		58FD031219EF4B5A0062A837 /* Debug */ = {
			isa = XCBuildConfiguration;
			buildSettings = {
				ALWAYS_SEARCH_USER_PATHS = NO;
				CLANG_CXX_LANGUAGE_STANDARD = "gnu++0x";
				CLANG_CXX_LIBRARY = "libc++";
				CLANG_ENABLE_MODULES = YES;
				CLANG_ENABLE_OBJC_ARC = YES;
				CLANG_WARN_BOOL_CONVERSION = YES;
				CLANG_WARN_CONSTANT_CONVERSION = YES;
				CLANG_WARN_DIRECT_OBJC_ISA_USAGE = YES_ERROR;
				CLANG_WARN_EMPTY_BODY = YES;
				CLANG_WARN_ENUM_CONVERSION = YES;
				CLANG_WARN_INT_CONVERSION = YES;
				CLANG_WARN_OBJC_ROOT_CLASS = YES_ERROR;
				CLANG_WARN_UNREACHABLE_CODE = YES;
				CLANG_WARN__DUPLICATE_METHOD_MATCH = YES;
				"CODE_SIGN_IDENTITY[sdk=iphoneos*]" = "iPhone Developer";
				COPY_PHASE_STRIP = NO;
				ENABLE_STRICT_OBJC_MSGSEND = YES;
				GCC_C_LANGUAGE_STANDARD = gnu99;
				GCC_DYNAMIC_NO_PIC = NO;
				GCC_OPTIMIZATION_LEVEL = 0;
				GCC_PREPROCESSOR_DEFINITIONS = (
					"DEBUG=1",
					"$(inherited)",
				);
				GCC_SYMBOLS_PRIVATE_EXTERN = NO;
				GCC_WARN_64_TO_32_BIT_CONVERSION = YES;
				GCC_WARN_ABOUT_RETURN_TYPE = YES_ERROR;
				GCC_WARN_UNDECLARED_SELECTOR = YES;
				GCC_WARN_UNINITIALIZED_AUTOS = YES_AGGRESSIVE;
				GCC_WARN_UNUSED_FUNCTION = YES;
				GCC_WARN_UNUSED_VARIABLE = YES;
				IPHONEOS_DEPLOYMENT_TARGET = 8.0;
				MTL_ENABLE_DEBUG_INFO = YES;
				ONLY_ACTIVE_ARCH = YES;
				SDKROOT = iphoneos;
			};
			name = Debug;
		};
		58FD031319EF4B5A0062A837 /* Release */ = {
			isa = XCBuildConfiguration;
			buildSettings = {
				ALWAYS_SEARCH_USER_PATHS = NO;
				CLANG_CXX_LANGUAGE_STANDARD = "gnu++0x";
				CLANG_CXX_LIBRARY = "libc++";
				CLANG_ENABLE_MODULES = YES;
				CLANG_ENABLE_OBJC_ARC = YES;
				CLANG_WARN_BOOL_CONVERSION = YES;
				CLANG_WARN_CONSTANT_CONVERSION = YES;
				CLANG_WARN_DIRECT_OBJC_ISA_USAGE = YES_ERROR;
				CLANG_WARN_EMPTY_BODY = YES;
				CLANG_WARN_ENUM_CONVERSION = YES;
				CLANG_WARN_INT_CONVERSION = YES;
				CLANG_WARN_OBJC_ROOT_CLASS = YES_ERROR;
				CLANG_WARN_UNREACHABLE_CODE = YES;
				CLANG_WARN__DUPLICATE_METHOD_MATCH = YES;
				"CODE_SIGN_IDENTITY[sdk=iphoneos*]" = "iPhone Developer";
				COPY_PHASE_STRIP = YES;
				ENABLE_NS_ASSERTIONS = NO;
				ENABLE_STRICT_OBJC_MSGSEND = YES;
				GCC_C_LANGUAGE_STANDARD = gnu99;
				GCC_WARN_64_TO_32_BIT_CONVERSION = YES;
				GCC_WARN_ABOUT_RETURN_TYPE = YES_ERROR;
				GCC_WARN_UNDECLARED_SELECTOR = YES;
				GCC_WARN_UNINITIALIZED_AUTOS = YES_AGGRESSIVE;
				GCC_WARN_UNUSED_FUNCTION = YES;
				GCC_WARN_UNUSED_VARIABLE = YES;
				IPHONEOS_DEPLOYMENT_TARGET = 8.0;
				MTL_ENABLE_DEBUG_INFO = NO;
				SDKROOT = iphoneos;
				VALIDATE_PRODUCT = YES;
			};
			name = Release;
		};
		58FD031519EF4B5A0062A837 /* Debug */ = {
			isa = XCBuildConfiguration;
			buildSettings = {
				ASSETCATALOG_COMPILER_APPICON_NAME = AppIcon;
				FRAMEWORK_SEARCH_PATHS = (
					"$(inherited)",
					"$(PROJECT_DIR)",
				);
				INFOPLIST_FILE = MealPlan/Info.plist;
				LD_RUNPATH_SEARCH_PATHS = "$(inherited) @executable_path/Frameworks";
				PRODUCT_NAME = "$(TARGET_NAME)";
			};
			name = Debug;
		};
		58FD031619EF4B5A0062A837 /* Release */ = {
			isa = XCBuildConfiguration;
			buildSettings = {
				ASSETCATALOG_COMPILER_APPICON_NAME = AppIcon;
				FRAMEWORK_SEARCH_PATHS = (
					"$(inherited)",
					"$(PROJECT_DIR)",
				);
				INFOPLIST_FILE = MealPlan/Info.plist;
				LD_RUNPATH_SEARCH_PATHS = "$(inherited) @executable_path/Frameworks";
				PRODUCT_NAME = "$(TARGET_NAME)";
			};
			name = Release;
		};
		58FD031819EF4B5A0062A837 /* Debug */ = {
			isa = XCBuildConfiguration;
			buildSettings = {
				BUNDLE_LOADER = "$(TEST_HOST)";
				FRAMEWORK_SEARCH_PATHS = (
					"$(SDKROOT)/Developer/Library/Frameworks",
					"$(inherited)",
				);
				GCC_PREPROCESSOR_DEFINITIONS = (
					"DEBUG=1",
					"$(inherited)",
				);
				INFOPLIST_FILE = MealPlanTests/Info.plist;
				LD_RUNPATH_SEARCH_PATHS = "$(inherited) @executable_path/Frameworks @loader_path/Frameworks";
				PRODUCT_NAME = "$(TARGET_NAME)";
				TEST_HOST = "$(BUILT_PRODUCTS_DIR)/MealPlan.app/MealPlan";
			};
			name = Debug;
		};
		58FD031919EF4B5A0062A837 /* Release */ = {
			isa = XCBuildConfiguration;
			buildSettings = {
				BUNDLE_LOADER = "$(TEST_HOST)";
				FRAMEWORK_SEARCH_PATHS = (
					"$(SDKROOT)/Developer/Library/Frameworks",
					"$(inherited)",
				);
				INFOPLIST_FILE = MealPlanTests/Info.plist;
				LD_RUNPATH_SEARCH_PATHS = "$(inherited) @executable_path/Frameworks @loader_path/Frameworks";
				PRODUCT_NAME = "$(TARGET_NAME)";
				TEST_HOST = "$(BUILT_PRODUCTS_DIR)/MealPlan.app/MealPlan";
			};
			name = Release;
		};
/* End XCBuildConfiguration section */

/* Begin XCConfigurationList section */
		58FD02EC19EF4B5A0062A837 /* Build configuration list for PBXProject "MealPlan" */ = {
			isa = XCConfigurationList;
			buildConfigurations = (
				58FD031219EF4B5A0062A837 /* Debug */,
				58FD031319EF4B5A0062A837 /* Release */,
			);
			defaultConfigurationIsVisible = 0;
			defaultConfigurationName = Release;
		};
		58FD031419EF4B5A0062A837 /* Build configuration list for PBXNativeTarget "MealPlan" */ = {
			isa = XCConfigurationList;
			buildConfigurations = (
				58FD031519EF4B5A0062A837 /* Debug */,
				58FD031619EF4B5A0062A837 /* Release */,
			);
			defaultConfigurationIsVisible = 0;
			defaultConfigurationName = Release;
		};
		58FD031719EF4B5A0062A837 /* Build configuration list for PBXNativeTarget "MealPlanTests" */ = {
			isa = XCConfigurationList;
			buildConfigurations = (
				58FD031819EF4B5A0062A837 /* Debug */,
				58FD031919EF4B5A0062A837 /* Release */,
			);
			defaultConfigurationIsVisible = 0;
			defaultConfigurationName = Release;
		};
/* End XCConfigurationList section */
	};
	rootObject = 58FD02E919EF4B5A0062A837 /* Project object */;
}
